
Microsoft Visual Studio Solution File, Format Version 12.00
# Visual Studio Version 17
VisualStudioVersion = 17.0.31903.59
MinimumVisualStudioVersion = 10.0.40219.1
Project("{FAE04EC0-301F-11D3-BF4B-00C04F79EFBC}") = "Task1", "Task1\Task1.csproj", "{C944FE6D-71F9-49EC-B74A-B03B2549109F}"
EndProject
Project("{FAE04EC0-301F-11D3-BF4B-00C04F79EFBC}") = "Task2", "Task2\Task2.csproj", "{1CDCFFB2-F4F5-4212-BBFD-9485CFED9CB8}"
EndProject
Project("{FAE04EC0-301F-11D3-BF4B-00C04F79EFBC}") = "Task3", "Task3\Task3.csproj", "{69FDBE0B-DCA7-4D4D-B08C-13694309BC9F}"
EndProject
Project("{FAE04EC0-301F-11D3-BF4B-00C04F79EFBC}") = "Task4", "Task4\Task4.csproj", "{A014EB39-002C-42D3-9AEE-6F2AF0AA0909}"
EndProject
Project("{FAE04EC0-301F-11D3-BF4B-00C04F79EFBC}") = "Task5", "Task5\Task5.csproj", "{F4DBB9AE-151E-45A7-B929-3500D5FB502B}"
EndProject
Project("{FAE04EC0-301F-11D3-BF4B-00C04F79EFBC}") = "Task6", "Task6\Task6.csproj", "{2B4D8486-689A-4501-AE08-FD800F316A4E}"
EndProject
Global
	GlobalSection(SolutionConfigurationPlatforms) = preSolution
		Debug|Any CPU = Debug|Any CPU
		Release|Any CPU = Release|Any CPU
	EndGlobalSection
	GlobalSection(SolutionProperties) = preSolution
		HideSolutionNode = FALSE
	EndGlobalSection
	GlobalSection(ProjectConfigurationPlatforms) = postSolution
		{C944FE6D-71F9-49EC-B74A-B03B2549109F}.Debug|Any CPU.ActiveCfg = Debug|Any CPU
		{C944FE6D-71F9-49EC-B74A-B03B2549109F}.Debug|Any CPU.Build.0 = Debug|Any CPU
		{C944FE6D-71F9-49EC-B74A-B03B2549109F}.Release|Any CPU.ActiveCfg = Release|Any CPU
		{C944FE6D-71F9-49EC-B74A-B03B2549109F}.Release|Any CPU.Build.0 = Release|Any CPU
		{1CDCFFB2-F4F5-4212-BBFD-9485CFED9CB8}.Debug|Any CPU.ActiveCfg = Debug|Any CPU
		{1CDCFFB2-F4F5-4212-BBFD-9485CFED9CB8}.Debug|Any CPU.Build.0 = Debug|Any CPU
		{1CDCFFB2-F4F5-4212-BBFD-9485CFED9CB8}.Release|Any CPU.ActiveCfg = Release|Any CPU
		{1CDCFFB2-F4F5-4212-BBFD-9485CFED9CB8}.Release|Any CPU.Build.0 = Release|Any CPU
		{69FDBE0B-DCA7-4D4D-B08C-13694309BC9F}.Debug|Any CPU.ActiveCfg = Debug|Any CPU
		{69FDBE0B-DCA7-4D4D-B08C-13694309BC9F}.Debug|Any CPU.Build.0 = Debug|Any CPU
		{69FDBE0B-DCA7-4D4D-B08C-13694309BC9F}.Release|Any CPU.ActiveCfg = Release|Any CPU
		{69FDBE0B-DCA7-4D4D-B08C-13694309BC9F}.Release|Any CPU.Build.0 = Release|Any CPU
		{A014EB39-002C-42D3-9AEE-6F2AF0AA0909}.Debug|Any CPU.ActiveCfg = Debug|Any CPU
		{A014EB39-002C-42D3-9AEE-6F2AF0AA0909}.Debug|Any CPU.Build.0 = Debug|Any CPU
		{A014EB39-002C-42D3-9AEE-6F2AF0AA0909}.Release|Any CPU.ActiveCfg = Release|Any CPU
		{A014EB39-002C-42D3-9AEE-6F2AF0AA0909}.Release|Any CPU.Build.0 = Release|Any CPU
		{F4DBB9AE-151E-45A7-B929-3500D5FB502B}.Debug|Any CPU.ActiveCfg = Debug|Any CPU
		{F4DBB9AE-151E-45A7-B929-3500D5FB502B}.Debug|Any CPU.Build.0 = Debug|Any CPU
		{F4DBB9AE-151E-45A7-B929-3500D5FB502B}.Release|Any CPU.ActiveCfg = Release|Any CPU
		{F4DBB9AE-151E-45A7-B929-3500D5FB502B}.Release|Any CPU.Build.0 = Release|Any CPU
		{2B4D8486-689A-4501-AE08-FD800F316A4E}.Debug|Any CPU.ActiveCfg = Debug|Any CPU
		{2B4D8486-689A-4501-AE08-FD800F316A4E}.Debug|Any CPU.Build.0 = Debug|Any CPU
		{2B4D8486-689A-4501-AE08-FD800F316A4E}.Release|Any CPU.ActiveCfg = Release|Any CPU
		{2B4D8486-689A-4501-AE08-FD800F316A4E}.Release|Any CPU.Build.0 = Release|Any CPU
	EndGlobalSection
EndGlobal
