
Microsoft Visual Studio Solution File, Format Version 12.00
# Visual Studio Version 17
VisualStudioVersion = 17.5.002.0
MinimumVisualStudioVersion = 10.0.40219.1
Project("{9A19103F-16F7-4668-BE54-9A1E7A4F7556}") = "Task4", "Task4.csproj", "{997BBB7C-D7EA-4618-8EEC-4AD7188E232C}"
EndProject
Global
	GlobalSection(SolutionConfigurationPlatforms) = preSolution
		Debug|Any CPU = Debug|Any CPU
		Release|Any CPU = Release|Any CPU
	EndGlobalSection
	GlobalSection(ProjectConfigurationPlatforms) = postSolution
		{997BBB7C-D7EA-4618-8EEC-4AD7188E232C}.Debug|Any CPU.ActiveCfg = Debug|Any CPU
		{997BBB7C-D7EA-4618-8EEC-4AD7188E232C}.Debug|Any CPU.Build.0 = Debug|Any CPU
		{997BBB7C-D7EA-4618-8EEC-4AD7188E232C}.Release|Any CPU.ActiveCfg = Release|Any CPU
		{997BBB7C-D7EA-4618-8EEC-4AD7188E232C}.Release|Any CPU.Build.0 = Release|Any CPU
	EndGlobalSection
	GlobalSection(SolutionProperties) = preSolution
		HideSolutionNode = FALSE
	EndGlobalSection
	GlobalSection(ExtensibilityGlobals) = postSolution
		SolutionGuid = {EE472973-EDDB-402C-856F-0F0EA669B48D}
	EndGlobalSection
EndGlobal
